
Microsoft Visual Studio Solution File, Format Version 12.00
# Visual Studio Version 17
VisualStudioVersion = 17.0.31903.59
MinimumVisualStudioVersion = 10.0.40219.1
Project("{FAE04EC0-301F-11D3-BF4B-00C04F79EFBC}") = "ConsoleApp1", "ConsoleApp1\ConsoleApp1.csproj", "{688039D5-B0D3-492F-9B3B-C8B2DDA8A962}"
EndProject
Project("{FAE04EC0-301F-11D3-BF4B-00C04F79EFBC}") = "TratamentoPIX", "TratamentoPIX\TratamentoPIX.csproj", "{8F9460B7-6A7D-45CB-BBED-58C0D8957602}"
EndProject
Project("{FAE04EC0-301F-11D3-BF4B-00C04F79EFBC}") = "AplicativoDoBanco", "AplicativoDoBanco\AplicativoDoBanco.csproj", "{A0E18896-5EDA-41E7-9A3D-63D8F75C2A6F}"
EndProject
Global
	GlobalSection(SolutionConfigurationPlatforms) = preSolution
		Debug|Any CPU = Debug|Any CPU
		Release|Any CPU = Release|Any CPU
	EndGlobalSection
	GlobalSection(SolutionProperties) = preSolution
		HideSolutionNode = FALSE
	EndGlobalSection
	GlobalSection(ProjectConfigurationPlatforms) = postSolution
		{688039D5-B0D3-492F-9B3B-C8B2DDA8A962}.Debug|Any CPU.ActiveCfg = Debug|Any CPU
		{688039D5-B0D3-492F-9B3B-C8B2DDA8A962}.Debug|Any CPU.Build.0 = Debug|Any CPU
		{688039D5-B0D3-492F-9B3B-C8B2DDA8A962}.Release|Any CPU.ActiveCfg = Release|Any CPU
		{688039D5-B0D3-492F-9B3B-C8B2DDA8A962}.Release|Any CPU.Build.0 = Release|Any CPU
		{8F9460B7-6A7D-45CB-BBED-58C0D8957602}.Debug|Any CPU.ActiveCfg = Debug|Any CPU
		{8F9460B7-6A7D-45CB-BBED-58C0D8957602}.Debug|Any CPU.Build.0 = Debug|Any CPU
		{8F9460B7-6A7D-45CB-BBED-58C0D8957602}.Release|Any CPU.ActiveCfg = Release|Any CPU
		{8F9460B7-6A7D-45CB-BBED-58C0D8957602}.Release|Any CPU.Build.0 = Release|Any CPU
		{A0E18896-5EDA-41E7-9A3D-63D8F75C2A6F}.Debug|Any CPU.ActiveCfg = Debug|Any CPU
		{A0E18896-5EDA-41E7-9A3D-63D8F75C2A6F}.Debug|Any CPU.Build.0 = Debug|Any CPU
		{A0E18896-5EDA-41E7-9A3D-63D8F75C2A6F}.Release|Any CPU.ActiveCfg = Release|Any CPU
		{A0E18896-5EDA-41E7-9A3D-63D8F75C2A6F}.Release|Any CPU.Build.0 = Release|Any CPU
	EndGlobalSection
EndGlobal
